{
  "version": 4,
  "terraform_version": "1.4.4",
  "serial": 6,
  "lineage": "c9f30a12-4c38-a505-8e7a-da5c16b77218",
  "outputs": {},
  "resources": [
    {
      "mode": "managed",
      "type": "vyos_firewall_name",
      "name": "test",
      "provider": "provider[\"ex.c/thomasfinstad/vyos\"]",
      "instances": [
        {
          "status": "tainted",
          "schema_version": 0,
          "attributes": {
            "default_action": "drop",
            "default_jump_target": null,
            "description": null,
            "enable_default_log": null,
            "identifier": "example-id",
            "rule": {
              "33": {
                "action": "accept",
                "connection_mark": null,
                "connection_status": null,
                "description": null,
                "destination": null,
                "disable": null,
                "dscp": null,
                "dscp_exclude": null,
                "fragment": null,
                "icmp": null,
                "inbound_interface": null,
                "ipsec": null,
                "jump_target": null,
                "limit": null,
                "log": null,
                "log_level": null,
                "outbound_interface": null,
                "packet_length": null,
                "packet_length_exclude": null,
                "packet_type": null,
                "protocol": "udp",
                "queue": null,
                "queue_options": null,
                "recent": null,
                "source": null,
                "state": null,
                "tcp": null,
                "time": null,
                "ttl": null
              }
            }
          },
          "sensitive_attributes": []
        }
      ]
    }
  ],
  "check_results": null
}
